PODS:
  - Alamofire (5.1.0)
  - Moya/Core (14.0.0):
    - Alamofire (~> 5.0)
  - Moya/RxSwift (14.0.0):
    - Moya/Core
    - RxSwift (~> 5.0)
  - ReachabilitySwift (5.0.0)
  - RxSwift (5.1.1)

DEPENDENCIES:
  - Moya/RxSwift
  - ReachabilitySwift

SPEC REPOS:
  trunk:
    - Alamofire
    - Moya
    - ReachabilitySwift
    - RxSwift

SPEC CHECKSUMS:
  Alamofire: 9d5c5f602928e512395b30950c5984eca840093c
  Moya: 5b45dacb75adb009f97fde91c204c1e565d31916
  ReachabilitySwift: 985039c6f7b23a1da463388634119492ff86c825
  RxSwift: 81470a2074fa8780320ea5fe4102807cb7118178

PODFILE CHECKSUM: 60cbf5f311ecc1faf0038b2560350559fd397320

COCOAPODS: 1.9.1
