// !$*UTF8*$!
{
	archiveVersion = 1;
	classes = {
	};
	objectVersion = 51;
	objects = {

/* Begin PBXBuildFile section */
		036E87A123887E876A441DD8 /* (null) in Frameworks */ = {isa = PBXBuildFile; };
		3B6767AAD7CF96BE07454EAE /* Pods_MoyaDemo_mock.framework in Frameworks */ = {isa = PBXBuildFile; fileRef = 98719EB8C9839505B8A4704F /* Pods_MoyaDemo_mock.framework */; };
		716608F7244C163300738ADB /* CustomMoyaProvider.swift in Sources */ = {isa = PBXBuildFile; fileRef = 716608F6244C163300738ADB /* CustomMoyaProvider.swift */; };
		E114F49B24481C770032A75F /* AppDelegate.swift in Sources */ = {isa = PBXBuildFile; fileRef = E114F49A24481C770032A75F /* AppDelegate.swift */; };
		E114F49D24481C770032A75F /* SceneDelegate.swift in Sources */ = {isa = PBXBuildFile; fileRef = E114F49C24481C770032A75F /* SceneDelegate.swift */; };
		E114F49F24481C770032A75F /* ViewController.swift in Sources */ = {isa = PBXBuildFile; fileRef = E114F49E24481C770032A75F /* ViewController.swift */; };
		E114F4A224481C770032A75F /* Main.storyboard in Resources */ = {isa = PBXBuildFile; fileRef = E114F4A024481C770032A75F /* Main.storyboard */; };
		E114F4A424481C7B0032A75F /* Assets.xcassets in Resources */ = {isa = PBXBuildFile; fileRef = E114F4A324481C7B0032A75F /* Assets.xcassets */; };
		E114F4A724481C7B0032A75F /* LaunchScreen.storyboard in Resources */ = {isa = PBXBuildFile; fileRef = E114F4A524481C7B0032A75F /* LaunchScreen.storyboard */; };
		E114F4AF244824730032A75F /* Marvel.swift in Sources */ = {isa = PBXBuildFile; fileRef = E114F4AE244824730032A75F /* Marvel.swift */; };
		E114F4B3244829CF0032A75F /* String+md5.swift in Sources */ = {isa = PBXBuildFile; fileRef = E114F4B2244829CF0032A75F /* String+md5.swift */; };
		E114F4B524482D080032A75F /* ConnectionService.swift in Sources */ = {isa = PBXBuildFile; fileRef = E114F4B424482D080032A75F /* ConnectionService.swift */; };
		E1751EB7250F172D00F08683 /* ViewController.swift in Sources */ = {isa = PBXBuildFile; fileRef = E114F49E24481C770032A75F /* ViewController.swift */; };
		E1751EB8250F172D00F08683 /* MarvelDecodableTargetType.swift in Sources */ = {isa = PBXBuildFile; fileRef = E1F2151524485CE700F2CECD /* MarvelDecodableTargetType.swift */; };
		E1751EB9250F172D00F08683 /* MarvelModel.swift in Sources */ = {isa = PBXBuildFile; fileRef = E1F215112448338300F2CECD /* MarvelModel.swift */; };
		E1751EBA250F172D00F08683 /* CustomMoyaProvider.swift in Sources */ = {isa = PBXBuildFile; fileRef = 716608F6244C163300738ADB /* CustomMoyaProvider.swift */; };
		E1751EBB250F172D00F08683 /* AppDelegate.swift in Sources */ = {isa = PBXBuildFile; fileRef = E114F49A24481C770032A75F /* AppDelegate.swift */; };
		E1751EBC250F172D00F08683 /* Marvel.swift in Sources */ = {isa = PBXBuildFile; fileRef = E114F4AE244824730032A75F /* Marvel.swift */; };
		E1751EBD250F172D00F08683 /* String+md5.swift in Sources */ = {isa = PBXBuildFile; fileRef = E114F4B2244829CF0032A75F /* String+md5.swift */; };
		E1751EBE250F172D00F08683 /* ConnectionService.swift in Sources */ = {isa = PBXBuildFile; fileRef = E114F4B424482D080032A75F /* ConnectionService.swift */; };
		E1751EBF250F172D00F08683 /* SceneDelegate.swift in Sources */ = {isa = PBXBuildFile; fileRef = E114F49C24481C770032A75F /* SceneDelegate.swift */; };
		E1751EC3250F172D00F08683 /* LaunchScreen.storyboard in Resources */ = {isa = PBXBuildFile; fileRef = E114F4A524481C7B0032A75F /* LaunchScreen.storyboard */; };
		E1751EC4250F172D00F08683 /* Assets.xcassets in Resources */ = {isa = PBXBuildFile; fileRef = E114F4A324481C7B0032A75F /* Assets.xcassets */; };
		E1751EC5250F172D00F08683 /* Main.storyboard in Resources */ = {isa = PBXBuildFile; fileRef = E114F4A024481C770032A75F /* Main.storyboard */; };
		E1751ECE250F178A00F08683 /* MarvelModelFailure.json in Resources */ = {isa = PBXBuildFile; fileRef = E1751ECC250F178A00F08683 /* MarvelModelFailure.json */; };
		E1751ECF250F178A00F08683 /* MarvelModelFailure.json in Resources */ = {isa = PBXBuildFile; fileRef = E1751ECC250F178A00F08683 /* MarvelModelFailure.json */; };
		E1751ED0250F178A00F08683 /* MarvelModelSuccess.json in Resources */ = {isa = PBXBuildFile; fileRef = E1751ECD250F178A00F08683 /* MarvelModelSuccess.json */; };
		E1751ED1250F178A00F08683 /* MarvelModelSuccess.json in Resources */ = {isa = PBXBuildFile; fileRef = E1751ECD250F178A00F08683 /* MarvelModelSuccess.json */; };
		E1751ED3250F178F00F08683 /* ReachabilityManager.swift in Sources */ = {isa = PBXBuildFile; fileRef = E1751ED2250F178F00F08683 /* ReachabilityManager.swift */; };
		E1751ED4250F178F00F08683 /* ReachabilityManager.swift in Sources */ = {isa = PBXBuildFile; fileRef = E1751ED2250F178F00F08683 /* ReachabilityManager.swift */; };
		E1F215122448338300F2CECD /* MarvelModel.swift in Sources */ = {isa = PBXBuildFile; fileRef = E1F215112448338300F2CECD /* MarvelModel.swift */; };
		E1F2151624485CE700F2CECD /* MarvelDecodableTargetType.swift in Sources */ = {isa = PBXBuildFile; fileRef = E1F2151524485CE700F2CECD /* MarvelDecodableTargetType.swift */; };
/* End PBXBuildFile section */

/* Begin PBXFileReference section */
		05F15ABBCAF2324B20EF8BD0 /* Pods-MoyaDemo_mock.debug.xcconfig */ = {isa = PBXFileReference; includeInIndex = 1; lastKnownFileType = text.xcconfig; name = "Pods-MoyaDemo_mock.debug.xcconfig"; path = "Target Support Files/Pods-MoyaDemo_mock/Pods-MoyaDemo_mock.debug.xcconfig"; sourceTree = "<group>"; };
		19E58E0DD5DDA754AB53361C /* Pods-MoyaDemo.debug.xcconfig */ = {isa = PBXFileReference; includeInIndex = 1; lastKnownFileType = text.xcconfig; name = "Pods-MoyaDemo.debug.xcconfig"; path = "Target Support Files/Pods-MoyaDemo/Pods-MoyaDemo.debug.xcconfig"; sourceTree = "<group>"; };
		3F1CFA8806BD6582AF2ED19C /* Pods-MoyaDemo.release.xcconfig */ = {isa = PBXFileReference; includeInIndex = 1; lastKnownFileType = text.xcconfig; name = "Pods-MoyaDemo.release.xcconfig"; path = "Target Support Files/Pods-MoyaDemo/Pods-MoyaDemo.release.xcconfig"; sourceTree = "<group>"; };
		716608F6244C163300738ADB /* CustomMoyaProvider.swift */ = {isa = PBXFileReference; lastKnownFileType = sourcecode.swift; path = CustomMoyaProvider.swift; sourceTree = "<group>"; };
		98719EB8C9839505B8A4704F /* Pods_MoyaDemo_mock.framework */ = {isa = PBXFileReference; explicitFileType = wrapper.framework; includeInIndex = 0; path = Pods_MoyaDemo_mock.framework; sourceTree = BUILT_PRODUCTS_DIR; };
		B15E2FF81FEAA07E14E36C06 /* Pods-MoyaDemo_mock.release.xcconfig */ = {isa = PBXFileReference; includeInIndex = 1; lastKnownFileType = text.xcconfig; name = "Pods-MoyaDemo_mock.release.xcconfig"; path = "Target Support Files/Pods-MoyaDemo_mock/Pods-MoyaDemo_mock.release.xcconfig"; sourceTree = "<group>"; };
		E114F49724481C770032A75F /* MoyaDemo.app */ = {isa = PBXFileReference; explicitFileType = wrapper.application; includeInIndex = 0; path = MoyaDemo.app; sourceTree = BUILT_PRODUCTS_DIR; };
		E114F49A24481C770032A75F /* AppDelegate.swift */ = {isa = PBXFileReference; lastKnownFileType = sourcecode.swift; path = AppDelegate.swift; sourceTree = "<group>"; };
		E114F49C24481C770032A75F /* SceneDelegate.swift */ = {isa = PBXFileReference; lastKnownFileType = sourcecode.swift; path = SceneDelegate.swift; sourceTree = "<group>"; };
		E114F49E24481C770032A75F /* ViewController.swift */ = {isa = PBXFileReference; lastKnownFileType = sourcecode.swift; path = ViewController.swift; sourceTree = "<group>"; };
		E114F4A124481C770032A75F /* Base */ = {isa = PBXFileReference; lastKnownFileType = file.storyboard; name = Base; path = Base.lproj/Main.storyboard; sourceTree = "<group>"; };
		E114F4A324481C7B0032A75F /* Assets.xcassets */ = {isa = PBXFileReference; lastKnownFileType = folder.assetcatalog; path = Assets.xcassets; sourceTree = "<group>"; };
		E114F4A624481C7B0032A75F /* Base */ = {isa = PBXFileReference; lastKnownFileType = file.storyboard; name = Base; path = Base.lproj/LaunchScreen.storyboard; sourceTree = "<group>"; };
		E114F4A824481C7B0032A75F /* Info.plist */ = {isa = PBXFileReference; lastKnownFileType = text.plist.xml; path = Info.plist; sourceTree = "<group>"; };
		E114F4AE244824730032A75F /* Marvel.swift */ = {isa = PBXFileReference; lastKnownFileType = sourcecode.swift; path = Marvel.swift; sourceTree = "<group>"; };
		E114F4B2244829CF0032A75F /* String+md5.swift */ = {isa = PBXFileReference; lastKnownFileType = sourcecode.swift; path = "String+md5.swift"; sourceTree = "<group>"; };
		E114F4B424482D080032A75F /* ConnectionService.swift */ = {isa = PBXFileReference; lastKnownFileType = sourcecode.swift; path = ConnectionService.swift; sourceTree = "<group>"; };
		E1751ECA250F172D00F08683 /* MoyaDemo_mock.app */ = {isa = PBXFileReference; explicitFileType = wrapper.application; includeInIndex = 0; path = MoyaDemo_mock.app; sourceTree = BUILT_PRODUCTS_DIR; };
		E1751ECC250F178A00F08683 /* MarvelModelFailure.json */ = {isa = PBXFileReference; fileEncoding = 4; lastKnownFileType = text.json; path = MarvelModelFailure.json; sourceTree = "<group>"; };
		E1751ECD250F178A00F08683 /* MarvelModelSuccess.json */ = {isa = PBXFileReference; fileEncoding = 4; lastKnownFileType = text.json; path = MarvelModelSuccess.json; sourceTree = "<group>"; };
		E1751ED2250F178F00F08683 /* ReachabilityManager.swift */ = {isa = PBXFileReference; fileEncoding = 4; lastKnownFileType = sourcecode.swift; path = ReachabilityManager.swift; sourceTree = "<group>"; };
		E1F215112448338300F2CECD /* MarvelModel.swift */ = {isa = PBXFileReference; lastKnownFileType = sourcecode.swift; path = MarvelModel.swift; sourceTree = "<group>"; };
		E1F2151524485CE700F2CECD /* MarvelDecodableTargetType.swift */ = {isa = PBXFileReference; lastKnownFileType = sourcecode.swift; path = MarvelDecodableTargetType.swift; sourceTree = "<group>"; };
/* End PBXFileReference section */

/* Begin PBXFrameworksBuildPhase section */
		E114F49424481C770032A75F /* Frameworks */ = {
			isa = PBXFrameworksBuildPhase;
			buildActionMask = 2147483647;
			files = (
				036E87A123887E876A441DD8 /* (null) in Frameworks */,
			);
			runOnlyForDeploymentPostprocessing = 0;
		};
		E1751EC0250F172D00F08683 /* Frameworks */ = {
			isa = PBXFrameworksBuildPhase;
			buildActionMask = 2147483647;
			files = (
				3B6767AAD7CF96BE07454EAE /* Pods_MoyaDemo_mock.framework in Frameworks */,
			);
			runOnlyForDeploymentPostprocessing = 0;
		};
/* End PBXFrameworksBuildPhase section */

/* Begin PBXGroup section */
		DEBFA5BB2C177623E780AF29 /* Frameworks */ = {
			isa = PBXGroup;
			children = (
				98719EB8C9839505B8A4704F /* Pods_MoyaDemo_mock.framework */,
			);
			name = Frameworks;
			sourceTree = "<group>";
		};
		E114F48E24481C770032A75F = {
			isa = PBXGroup;
			children = (
				E114F49924481C770032A75F /* MoyaDemo */,
				E114F49824481C770032A75F /* Products */,
				EDEE6FF7C595BE6916640715 /* Pods */,
				DEBFA5BB2C177623E780AF29 /* Frameworks */,
			);
			sourceTree = "<group>";
		};
		E114F49824481C770032A75F /* Products */ = {
			isa = PBXGroup;
			children = (
				E114F49724481C770032A75F /* MoyaDemo.app */,
				E1751ECA250F172D00F08683 /* MoyaDemo_mock.app */,
			);
			name = Products;
			sourceTree = "<group>";
		};
		E114F49924481C770032A75F /* MoyaDemo */ = {
			isa = PBXGroup;
			children = (
				E114F49A24481C770032A75F /* AppDelegate.swift */,
				E114F49C24481C770032A75F /* SceneDelegate.swift */,
				E114F49E24481C770032A75F /* ViewController.swift */,
				E114F4A024481C770032A75F /* Main.storyboard */,
				E114F4A324481C7B0032A75F /* Assets.xcassets */,
				E114F4A524481C7B0032A75F /* LaunchScreen.storyboard */,
				E114F4A824481C7B0032A75F /* Info.plist */,
				E1751ED2250F178F00F08683 /* ReachabilityManager.swift */,
				E114F4B424482D080032A75F /* ConnectionService.swift */,
				716608F6244C163300738ADB /* CustomMoyaProvider.swift */,
				E1F2151524485CE700F2CECD /* MarvelDecodableTargetType.swift */,
				E114F4AE244824730032A75F /* Marvel.swift */,
				E1F215112448338300F2CECD /* MarvelModel.swift */,
				E114F4B2244829CF0032A75F /* String+md5.swift */,
				E1751ECD250F178A00F08683 /* MarvelModelSuccess.json */,
				E1751ECC250F178A00F08683 /* MarvelModelFailure.json */,
			);
			path = MoyaDemo;
			sourceTree = "<group>";
		};
		EDEE6FF7C595BE6916640715 /* Pods */ = {
			isa = PBXGroup;
			children = (
				19E58E0DD5DDA754AB53361C /* Pods-MoyaDemo.debug.xcconfig */,
				3F1CFA8806BD6582AF2ED19C /* Pods-MoyaDemo.release.xcconfig */,
				05F15ABBCAF2324B20EF8BD0 /* Pods-MoyaDemo_mock.debug.xcconfig */,
				B15E2FF81FEAA07E14E36C06 /* Pods-MoyaDemo_mock.release.xcconfig */,
			);
			path = Pods;
			sourceTree = "<group>";
		};
/* End PBXGroup section */

/* Begin PBXNativeTarget section */
		E114F49624481C770032A75F /* MoyaDemo */ = {
			isa = PBXNativeTarget;
			buildConfigurationList = E114F4AB24481C7B0032A75F /* Build configuration list for PBXNativeTarget "MoyaDemo" */;
			buildPhases = (
				A034B34036FE4844B2BBF1DA /* [CP] Check Pods Manifest.lock */,
				E114F49324481C770032A75F /* Sources */,
				E114F49424481C770032A75F /* Frameworks */,
				E114F49524481C770032A75F /* Resources */,
				56B55D3AD87FEF30962B3B49 /* [CP] Embed Pods Frameworks */,
			);
			buildRules = (
			);
			dependencies = (
			);
			name = MoyaDemo;
			productName = MoyaDemo;
			productReference = E114F49724481C770032A75F /* MoyaDemo.app */;
			productType = "com.apple.product-type.application";
		};
		E1751EB4250F172D00F08683 /* MoyaDemo_mock */ = {
			isa = PBXNativeTarget;
			buildConfigurationList = E1751EC7250F172D00F08683 /* Build configuration list for PBXNativeTarget "MoyaDemo_mock" */;
			buildPhases = (
				E1751EB5250F172D00F08683 /* [CP] Check Pods Manifest.lock */,
				E1751EB6250F172D00F08683 /* Sources */,
				E1751EC0250F172D00F08683 /* Frameworks */,
				E1751EC2250F172D00F08683 /* Resources */,
				E1751EC6250F172D00F08683 /* [CP] Embed Pods Frameworks */,
			);
			buildRules = (
			);
			dependencies = (
			);
			name = MoyaDemo_mock;
			productName = MoyaDemo;
			productReference = E1751ECA250F172D00F08683 /* MoyaDemo_mock.app */;
			productType = "com.apple.product-type.application";
		};
/* End PBXNativeTarget section */

/* Begin PBXProject section */
		E114F48F24481C770032A75F /* Project object */ = {
			isa = PBXProject;
			attributes = {
				LastSwiftUpdateCheck = 1140;
				LastUpgradeCheck = 1140;
				ORGANIZATIONNAME = i_vickang;
				TargetAttributes = {
					E114F49624481C770032A75F = {
						CreatedOnToolsVersion = 11.4.1;
					};
				};
			};
			buildConfigurationList = E114F49224481C770032A75F /* Build configuration list for PBXProject "MoyaDemo" */;
			compatibilityVersion = "Xcode 9.3";
			developmentRegion = en;
			hasScannedForEncodings = 0;
			knownRegions = (
				en,
				Base,
			);
			mainGroup = E114F48E24481C770032A75F;
			productRefGroup = E114F49824481C770032A75F /* Products */;
			projectDirPath = "";
			projectRoot = "";
			targets = (
				E114F49624481C770032A75F /* MoyaDemo */,
				E1751EB4250F172D00F08683 /* MoyaDemo_mock */,
			);
		};
/* End PBXProject section */

/* Begin PBXResourcesBuildPhase section */
		E114F49524481C770032A75F /* Resources */ = {
			isa = PBXResourcesBuildPhase;
			buildActionMask = 2147483647;
			files = (
				E1751ED0250F178A00F08683 /* MarvelModelSuccess.json in Resources */,
				E114F4A724481C7B0032A75F /* LaunchScreen.storyboard in Resources */,
				E114F4A424481C7B0032A75F /* Assets.xcassets in Resources */,
				E114F4A224481C770032A75F /* Main.storyboard in Resources */,
				E1751ECE250F178A00F08683 /* MarvelModelFailure.json in Resources */,
			);
			runOnlyForDeploymentPostprocessing = 0;
		};
		E1751EC2250F172D00F08683 /* Resources */ = {
			isa = PBXResourcesBuildPhase;
			buildActionMask = 2147483647;
			files = (
				E1751ED1250F178A00F08683 /* MarvelModelSuccess.json in Resources */,
				E1751EC3250F172D00F08683 /* LaunchScreen.storyboard in Resources */,
				E1751EC4250F172D00F08683 /* Assets.xcassets in Resources */,
				E1751EC5250F172D00F08683 /* Main.storyboard in Resources */,
				E1751ECF250F178A00F08683 /* MarvelModelFailure.json in Resources */,
			);
			runOnlyForDeploymentPostprocessing = 0;
		};
/* End PBXResourcesBuildPhase section */

/* Begin PBXShellScriptBuildPhase section */
		56B55D3AD87FEF30962B3B49 /* [CP] Embed Pods Frameworks */ = {
			isa = PBXShellScriptBuildPhase;
			buildActionMask = 2147483647;
			files = (
			);
			inputFileListPaths = (
				"${PODS_ROOT}/Target Support Files/Pods-MoyaDemo/Pods-MoyaDemo-frameworks-${CONFIGURATION}-input-files.xcfilelist",
			);
			name = "[CP] Embed Pods Frameworks";
			outputFileListPaths = (
				"${PODS_ROOT}/Target Support Files/Pods-MoyaDemo/Pods-MoyaDemo-frameworks-${CONFIGURATION}-output-files.xcfilelist",
			);
			runOnlyForDeploymentPostprocessing = 0;
			shellPath = /bin/sh;
			shellScript = "\"${PODS_ROOT}/Target Support Files/Pods-MoyaDemo/Pods-MoyaDemo-frameworks.sh\"\n";
			showEnvVarsInLog = 0;
		};
		A034B34036FE4844B2BBF1DA /* [CP] Check Pods Manifest.lock */ = {
			isa = PBXShellScriptBuildPhase;
			buildActionMask = 2147483647;
			files = (
			);
			inputFileListPaths = (
			);
			inputPaths = (
				"${PODS_PODFILE_DIR_PATH}/Podfile.lock",
				"${PODS_ROOT}/Manifest.lock",
			);
			name = "[CP] Check Pods Manifest.lock";
			outputFileListPaths = (
			);
			outputPaths = (
				"$(DERIVED_FILE_DIR)/Pods-MoyaDemo-checkManifestLockResult.txt",
			);
			runOnlyForDeploymentPostprocessing = 0;
			shellPath = /bin/sh;
			shellScript = "diff \"${PODS_PODFILE_DIR_PATH}/Podfile.lock\" \"${PODS_ROOT}/Manifest.lock\" > /dev/null\nif [ $? != 0 ] ; then\n    # print error to STDERR\n    echo \"error: The sandbox is not in sync with the Podfile.lock. Run 'pod install' or update your CocoaPods installation.\" >&2\n    exit 1\nfi\n# This output is used by Xcode 'outputs' to avoid re-running this script phase.\necho \"SUCCESS\" > \"${SCRIPT_OUTPUT_FILE_0}\"\n";
			showEnvVarsInLog = 0;
		};
		E1751EB5250F172D00F08683 /* [CP] Check Pods Manifest.lock */ = {
			isa = PBXShellScriptBuildPhase;
			buildActionMask = 2147483647;
			files = (
			);
			inputFileListPaths = (
			);
			inputPaths = (
				"${PODS_PODFILE_DIR_PATH}/Podfile.lock",
				"${PODS_ROOT}/Manifest.lock",
			);
			name = "[CP] Check Pods Manifest.lock";
			outputFileListPaths = (
			);
			outputPaths = (
				"$(DERIVED_FILE_DIR)/Pods-MoyaDemo_mock-checkManifestLockResult.txt",
			);
			runOnlyForDeploymentPostprocessing = 0;
			shellPath = /bin/sh;
			shellScript = "diff \"${PODS_PODFILE_DIR_PATH}/Podfile.lock\" \"${PODS_ROOT}/Manifest.lock\" > /dev/null\nif [ $? != 0 ] ; then\n    # print error to STDERR\n    echo \"error: The sandbox is not in sync with the Podfile.lock. Run 'pod install' or update your CocoaPods installation.\" >&2\n    exit 1\nfi\n# This output is used by Xcode 'outputs' to avoid re-running this script phase.\necho \"SUCCESS\" > \"${SCRIPT_OUTPUT_FILE_0}\"\n";
			showEnvVarsInLog = 0;
		};
		E1751EC6250F172D00F08683 /* [CP] Embed Pods Frameworks */ = {
			isa = PBXShellScriptBuildPhase;
			buildActionMask = 2147483647;
			files = (
			);
			inputFileListPaths = (
				"${PODS_ROOT}/Target Support Files/Pods-MoyaDemo_mock/Pods-MoyaDemo_mock-frameworks-${CONFIGURATION}-input-files.xcfilelist",
			);
			name = "[CP] Embed Pods Frameworks";
			outputFileListPaths = (
				"${PODS_ROOT}/Target Support Files/Pods-MoyaDemo_mock/Pods-MoyaDemo_mock-frameworks-${CONFIGURATION}-output-files.xcfilelist",
			);
			runOnlyForDeploymentPostprocessing = 0;
			shellPath = /bin/sh;
			shellScript = "\"${PODS_ROOT}/Target Support Files/Pods-MoyaDemo_mock/Pods-MoyaDemo_mock-frameworks.sh\"\n";
			showEnvVarsInLog = 0;
		};
/* End PBXShellScriptBuildPhase section */

/* Begin PBXSourcesBuildPhase section */
		E114F49324481C770032A75F /* Sources */ = {
			isa = PBXSourcesBuildPhase;
			buildActionMask = 2147483647;
			files = (
				E114F49F24481C770032A75F /* ViewController.swift in Sources */,
				E1F2151624485CE700F2CECD /* MarvelDecodableTargetType.swift in Sources */,
				E1F215122448338300F2CECD /* MarvelModel.swift in Sources */,
				716608F7244C163300738ADB /* CustomMoyaProvider.swift in Sources */,
				E1751ED3250F178F00F08683 /* ReachabilityManager.swift in Sources */,
				E114F49B24481C770032A75F /* AppDelegate.swift in Sources */,
				E114F4AF244824730032A75F /* Marvel.swift in Sources */,
				E114F4B3244829CF0032A75F /* String+md5.swift in Sources */,
				E114F4B524482D080032A75F /* ConnectionService.swift in Sources */,
				E114F49D24481C770032A75F /* SceneDelegate.swift in Sources */,
			);
			runOnlyForDeploymentPostprocessing = 0;
		};
		E1751EB6250F172D00F08683 /* Sources */ = {
			isa = PBXSourcesBuildPhase;
			buildActionMask = 2147483647;
			files = (
				E1751EB7250F172D00F08683 /* ViewController.swift in Sources */,
				E1751EB8250F172D00F08683 /* MarvelDecodableTargetType.swift in Sources */,
				E1751EB9250F172D00F08683 /* MarvelModel.swift in Sources */,
				E1751EBA250F172D00F08683 /* CustomMoyaProvider.swift in Sources */,
				E1751ED4250F178F00F08683 /* ReachabilityManager.swift in Sources */,
				E1751EBB250F172D00F08683 /* AppDelegate.swift in Sources */,
				E1751EBC250F172D00F08683 /* Marvel.swift in Sources */,
				E1751EBD250F172D00F08683 /* String+md5.swift in Sources */,
				E1751EBE250F172D00F08683 /* ConnectionService.swift in Sources */,
				E1751EBF250F172D00F08683 /* SceneDelegate.swift in Sources */,
			);
			runOnlyForDeploymentPostprocessing = 0;
		};
/* End PBXSourcesBuildPhase section */

/* Begin PBXVariantGroup section */
		E114F4A024481C770032A75F /* Main.storyboard */ = {
			isa = PBXVariantGroup;
			children = (
				E114F4A124481C770032A75F /* Base */,
			);
			name = Main.storyboard;
			sourceTree = "<group>";
		};
		E114F4A524481C7B0032A75F /* LaunchScreen.storyboard */ = {
			isa = PBXVariantGroup;
			children = (
				E114F4A624481C7B0032A75F /* Base */,
			);
			name = LaunchScreen.storyboard;
			sourceTree = "<group>";
		};
/* End PBXVariantGroup section */

/* Begin XCBuildConfiguration section */
		E114F4A924481C7B0032A75F /* Debug */ = {
			isa = XCBuildConfiguration;
			buildSettings = {
				ALWAYS_SEARCH_USER_PATHS = NO;
				CLANG_ANALYZER_NONNULL = YES;
				CLANG_ANALYZER_NUMBER_OBJECT_CONVERSION = YES_AGGRESSIVE;
				CLANG_CXX_LANGUAGE_STANDARD = "gnu++14";
				CLANG_CXX_LIBRARY = "libc++";
				CLANG_ENABLE_MODULES = YES;
				CLANG_ENABLE_OBJC_ARC = YES;
				CLANG_ENABLE_OBJC_WEAK = YES;
				CLANG_WARN_BLOCK_CAPTURE_AUTORELEASING = YES;
				CLANG_WARN_BOOL_CONVERSION = YES;
				CLANG_WARN_COMMA = YES;
				CLANG_WARN_CONSTANT_CONVERSION = YES;
				CLANG_WARN_DEPRECATED_OBJC_IMPLEMENTATIONS = YES;
				CLANG_WARN_DIRECT_OBJC_ISA_USAGE = YES_ERROR;
				CLANG_WARN_DOCUMENTATION_COMMENTS = YES;
				CLANG_WARN_EMPTY_BODY = YES;
				CLANG_WARN_ENUM_CONVERSION = YES;
				CLANG_WARN_INFINITE_RECURSION = YES;
				CLANG_WARN_INT_CONVERSION = YES;
				CLANG_WARN_NON_LITERAL_NULL_CONVERSION = YES;
				CLANG_WARN_OBJC_IMPLICIT_RETAIN_SELF = YES;
				CLANG_WARN_OBJC_LITERAL_CONVERSION = YES;
				CLANG_WARN_OBJC_ROOT_CLASS = YES_ERROR;
				CLANG_WARN_RANGE_LOOP_ANALYSIS = YES;
				CLANG_WARN_STRICT_PROTOTYPES = YES;
				CLANG_WARN_SUSPICIOUS_MOVE = YES;
				CLANG_WARN_UNGUARDED_AVAILABILITY = YES_AGGRESSIVE;
				CLANG_WARN_UNREACHABLE_CODE = YES;
				CLANG_WARN__DUPLICATE_METHOD_MATCH = YES;
				COPY_PHASE_STRIP = NO;
				DEBUG_INFORMATION_FORMAT = dwarf;
				ENABLE_STRICT_OBJC_MSGSEND = YES;
				ENABLE_TESTABILITY = YES;
				GCC_C_LANGUAGE_STANDARD = gnu11;
				GCC_DYNAMIC_NO_PIC = NO;
				GCC_NO_COMMON_BLOCKS = YES;
				GCC_OPTIMIZATION_LEVEL = 0;
				GCC_PREPROCESSOR_DEFINITIONS = (
					"DEBUG=1",
					"$(inherited)",
				);
				GCC_WARN_64_TO_32_BIT_CONVERSION = YES;
				GCC_WARN_ABOUT_RETURN_TYPE = YES_ERROR;
				GCC_WARN_UNDECLARED_SELECTOR = YES;
				GCC_WARN_UNINITIALIZED_AUTOS = YES_AGGRESSIVE;
				GCC_WARN_UNUSED_FUNCTION = YES;
				GCC_WARN_UNUSED_VARIABLE = YES;
				IPHONEOS_DEPLOYMENT_TARGET = 13.0;
				MTL_ENABLE_DEBUG_INFO = INCLUDE_SOURCE;
				MTL_FAST_MATH = YES;
				ONLY_ACTIVE_ARCH = YES;
				SDKROOT = iphoneos;
				SWIFT_ACTIVE_COMPILATION_CONDITIONS = DEBUG;
				SWIFT_OPTIMIZATION_LEVEL = "-Onone";
			};
			name = Debug;
		};
		E114F4AA24481C7B0032A75F /* Release */ = {
			isa = XCBuildConfiguration;
			buildSettings = {
				ALWAYS_SEARCH_USER_PATHS = NO;
				CLANG_ANALYZER_NONNULL = YES;
				CLANG_ANALYZER_NUMBER_OBJECT_CONVERSION = YES_AGGRESSIVE;
				CLANG_CXX_LANGUAGE_STANDARD = "gnu++14";
				CLANG_CXX_LIBRARY = "libc++";
				CLANG_ENABLE_MODULES = YES;
				CLANG_ENABLE_OBJC_ARC = YES;
				CLANG_ENABLE_OBJC_WEAK = YES;
				CLANG_WARN_BLOCK_CAPTURE_AUTORELEASING = YES;
				CLANG_WARN_BOOL_CONVERSION = YES;
				CLANG_WARN_COMMA = YES;
				CLANG_WARN_CONSTANT_CONVERSION = YES;
				CLANG_WARN_DEPRECATED_OBJC_IMPLEMENTATIONS = YES;
				CLANG_WARN_DIRECT_OBJC_ISA_USAGE = YES_ERROR;
				CLANG_WARN_DOCUMENTATION_COMMENTS = YES;
				CLANG_WARN_EMPTY_BODY = YES;
				CLANG_WARN_ENUM_CONVERSION = YES;
				CLANG_WARN_INFINITE_RECURSION = YES;
				CLANG_WARN_INT_CONVERSION = YES;
				CLANG_WARN_NON_LITERAL_NULL_CONVERSION = YES;
				CLANG_WARN_OBJC_IMPLICIT_RETAIN_SELF = YES;
				CLANG_WARN_OBJC_LITERAL_CONVERSION = YES;
				CLANG_WARN_OBJC_ROOT_CLASS = YES_ERROR;
				CLANG_WARN_RANGE_LOOP_ANALYSIS = YES;
				CLANG_WARN_STRICT_PROTOTYPES = YES;
				CLANG_WARN_SUSPICIOUS_MOVE = YES;
				CLANG_WARN_UNGUARDED_AVAILABILITY = YES_AGGRESSIVE;
				CLANG_WARN_UNREACHABLE_CODE = YES;
				CLANG_WARN__DUPLICATE_METHOD_MATCH = YES;
				COPY_PHASE_STRIP = NO;
				DEBUG_INFORMATION_FORMAT = "dwarf-with-dsym";
				ENABLE_NS_ASSERTIONS = NO;
				ENABLE_STRICT_OBJC_MSGSEND = YES;
				GCC_C_LANGUAGE_STANDARD = gnu11;
				GCC_NO_COMMON_BLOCKS = YES;
				GCC_WARN_64_TO_32_BIT_CONVERSION = YES;
				GCC_WARN_ABOUT_RETURN_TYPE = YES_ERROR;
				GCC_WARN_UNDECLARED_SELECTOR = YES;
				GCC_WARN_UNINITIALIZED_AUTOS = YES_AGGRESSIVE;
				GCC_WARN_UNUSED_FUNCTION = YES;
				GCC_WARN_UNUSED_VARIABLE = YES;
				IPHONEOS_DEPLOYMENT_TARGET = 13.0;
				MTL_ENABLE_DEBUG_INFO = NO;
				MTL_FAST_MATH = YES;
				SDKROOT = iphoneos;
				SWIFT_COMPILATION_MODE = wholemodule;
				SWIFT_OPTIMIZATION_LEVEL = "-O";
				VALIDATE_PRODUCT = YES;
			};
			name = Release;
		};
		E114F4AC24481C7B0032A75F /* Debug */ = {
			isa = XCBuildConfiguration;
			baseConfigurationReference = 19E58E0DD5DDA754AB53361C /* Pods-MoyaDemo.debug.xcconfig */;
			buildSettings = {
				ASSETCATALOG_COMPILER_APPICON_NAME = AppIcon;
				CODE_SIGN_STYLE = Automatic;
				DEVELOPMENT_TEAM = HZFSZV43UE;
				INFOPLIST_FILE = MoyaDemo/Info.plist;
				LD_RUNPATH_SEARCH_PATHS = (
					"$(inherited)",
					"@executable_path/Frameworks",
				);
				PRODUCT_BUNDLE_IDENTIFIER = cpkang.MoyaDemo;
				PRODUCT_NAME = "$(TARGET_NAME)";
				SWIFT_VERSION = 5.0;
				TARGETED_DEVICE_FAMILY = "1,2";
			};
			name = Debug;
		};
		E114F4AD24481C7B0032A75F /* Release */ = {
			isa = XCBuildConfiguration;
			baseConfigurationReference = 3F1CFA8806BD6582AF2ED19C /* Pods-MoyaDemo.release.xcconfig */;
			buildSettings = {
				ASSETCATALOG_COMPILER_APPICON_NAME = AppIcon;
				CODE_SIGN_STYLE = Automatic;
				DEVELOPMENT_TEAM = HZFSZV43UE;
				INFOPLIST_FILE = MoyaDemo/Info.plist;
				LD_RUNPATH_SEARCH_PATHS = (
					"$(inherited)",
					"@executable_path/Frameworks",
				);
				PRODUCT_BUNDLE_IDENTIFIER = cpkang.MoyaDemo;
				PRODUCT_NAME = "$(TARGET_NAME)";
				SWIFT_VERSION = 5.0;
				TARGETED_DEVICE_FAMILY = "1,2";
			};
			name = Release;
		};
		E1751EC8250F172D00F08683 /* Debug */ = {
			isa = XCBuildConfiguration;
			baseConfigurationReference = 05F15ABBCAF2324B20EF8BD0 /* Pods-MoyaDemo_mock.debug.xcconfig */;
			buildSettings = {
				ASSETCATALOG_COMPILER_APPICON_NAME = AppIcon;
				CODE_SIGN_STYLE = Automatic;
				DEVELOPMENT_TEAM = HZFSZV43UE;
				GENERATE_PKGINFO_FILE = YES;
				INFOPLIST_FILE = MoyaDemo/Info.plist;
				LD_RUNPATH_SEARCH_PATHS = (
					"$(inherited)",
					"@executable_path/Frameworks",
				);
				OTHER_SWIFT_FLAGS = "$(inherited) -D COCOAPODS -D MOCK";
				PRODUCT_BUNDLE_IDENTIFIER = cpkang.MoyaDemo;
				PRODUCT_NAME = "$(TARGET_NAME)";
				SWIFT_VERSION = 5.0;
				TARGETED_DEVICE_FAMILY = "1,2";
			};
			name = Debug;
		};
		E1751EC9250F172D00F08683 /* Release */ = {
			isa = XCBuildConfiguration;
			baseConfigurationReference = B15E2FF81FEAA07E14E36C06 /* Pods-MoyaDemo_mock.release.xcconfig */;
			buildSettings = {
				ASSETCATALOG_COMPILER_APPICON_NAME = AppIcon;
				CODE_SIGN_STYLE = Automatic;
				DEVELOPMENT_TEAM = HZFSZV43UE;
				GENERATE_PKGINFO_FILE = YES;
				INFOPLIST_FILE = MoyaDemo/Info.plist;
				LD_RUNPATH_SEARCH_PATHS = (
					"$(inherited)",
					"@executable_path/Frameworks",
				);
				PRODUCT_BUNDLE_IDENTIFIER = cpkang.MoyaDemo;
				PRODUCT_NAME = "$(TARGET_NAME)";
				SWIFT_VERSION = 5.0;
				TARGETED_DEVICE_FAMILY = "1,2";
			};
			name = Release;
		};
/* End XCBuildConfiguration section */

/* Begin XCConfigurationList section */
		E114F49224481C770032A75F /* Build configuration list for PBXProject "MoyaDemo" */ = {
			isa = XCConfigurationList;
			buildConfigurations = (
				E114F4A924481C7B0032A75F /* Debug */,
				E114F4AA24481C7B0032A75F /* Release */,
			);
			defaultConfigurationIsVisible = 0;
			defaultConfigurationName = Release;
		};
		E114F4AB24481C7B0032A75F /* Build configuration list for PBXNativeTarget "MoyaDemo" */ = {
			isa = XCConfigurationList;
			buildConfigurations = (
				E114F4AC24481C7B0032A75F /* Debug */,
				E114F4AD24481C7B0032A75F /* Release */,
			);
			defaultConfigurationIsVisible = 0;
			defaultConfigurationName = Release;
		};
		E1751EC7250F172D00F08683 /* Build configuration list for PBXNativeTarget "MoyaDemo_mock" */ = {
			isa = XCConfigurationList;
			buildConfigurations = (
				E1751EC8250F172D00F08683 /* Debug */,
				E1751EC9250F172D00F08683 /* Release */,
			);
			defaultConfigurationIsVisible = 0;
			defaultConfigurationName = Release;
		};
/* End XCConfigurationList section */
	};
	rootObject = E114F48F24481C770032A75F /* Project object */;
}
